{
  "requires": true,
  "lockfileVersion": 1,
  "dependencies": {
    "types-registry": {
      "version": "0.1.443",
      "resolved": "https://registry.npmjs.org/types-registry/-/types-registry-0.1.443.tgz",
      "integrity": "sha512-zi5jLaHfTbQbHAvVdEANAM4lt8h3stCa/mBTdUWmTLK90V8ZDLsOAi9HflEjw+o5MuFVVI7ClcnvSU0C+Ajq2g=="
    }
  }
}
